
Microsoft Visual Studio Solution File, Format Version 12.00
# Visual Studio Version 17
VisualStudioVersion = 17.4.33205.214
MinimumVisualStudioVersion = 10.0.40219.1
Project("{FAE04EC0-301F-11D3-BF4B-00C04F79EFBC}") = "LR_10", "LR_10\LR_10.csproj", "{797C0FE8-14FE-4386-967D-6792A14C5C45}"
EndProject
Global
	GlobalSection(SolutionConfigurationPlatforms) = preSolution
		Debug|Any CPU = Debug|Any CPU
		Release|Any CPU = Release|Any CPU
	EndGlobalSection
	GlobalSection(ProjectConfigurationPlatforms) = postSolution
		{797C0FE8-14FE-4386-967D-6792A14C5C45}.Debug|Any CPU.ActiveCfg = Debug|Any CPU
		{797C0FE8-14FE-4386-967D-6792A14C5C45}.Debug|Any CPU.Build.0 = Debug|Any CPU
		{797C0FE8-14FE-4386-967D-6792A14C5C45}.Release|Any CPU.ActiveCfg = Release|Any CPU
		{797C0FE8-14FE-4386-967D-6792A14C5C45}.Release|Any CPU.Build.0 = Release|Any CPU
	EndGlobalSection
	GlobalSection(SolutionProperties) = preSolution
		HideSolutionNode = FALSE
	EndGlobalSection
	GlobalSection(ExtensibilityGlobals) = postSolution
		SolutionGuid = {B7F20443-7AC3-40C4-9EF5-49399BAB0524}
	EndGlobalSection
EndGlobal
